
Microsoft Visual Studio Solution File, Format Version 12.00
# Visual Studio 15
VisualStudioVersion = 15.0.28307.421
MinimumVisualStudioVersion = 10.0.40219.1
Project("{FAE04EC0-301F-11D3-BF4B-00C04F79EFBC}") = "Automation_Course_", "Automation_Course_\Automation_Course_.csproj", "{53176109-E719-454A-80D1-F533DED2AB49}"
EndProject
Global
	GlobalSection(SolutionConfigurationPlatforms) = preSolution
		Debug|Any CPU = Debug|Any CPU
		Release|Any CPU = Release|Any CPU
	EndGlobalSection
	GlobalSection(ProjectConfigurationPlatforms) = postSolution
		{53176109-E719-454A-80D1-F533DED2AB49}.Debug|Any CPU.ActiveCfg = Debug|Any CPU
		{53176109-E719-454A-80D1-F533DED2AB49}.Debug|Any CPU.Build.0 = Debug|Any CPU
		{53176109-E719-454A-80D1-F533DED2AB49}.Release|Any CPU.ActiveCfg = Release|Any CPU
		{53176109-E719-454A-80D1-F533DED2AB49}.Release|Any CPU.Build.0 = Release|Any CPU
	EndGlobalSection
	GlobalSection(SolutionProperties) = preSolution
		HideSolutionNode = FALSE
	EndGlobalSection
	GlobalSection(ExtensibilityGlobals) = postSolution
		SolutionGuid = {91E2D64E-53C7-4AD5-A5E2-999B79C742B8}
	EndGlobalSection
EndGlobal
